
Microsoft Visual Studio Solution File, Format Version 12.00
# Visual Studio Version 16
VisualStudioVersion = 16.0.29613.14
MinimumVisualStudioVersion = 10.0.40219.1
Project("{FAE04EC0-301F-11D3-BF4B-00C04F79EFBC}") = "bsatovidal1_Job_Bank", "bsatovidal1_Job_Bank.csproj", "{59E8C554-A2E1-492C-8678-F0828FFF1BA3}"
EndProject
Global
	GlobalSection(SolutionConfigurationPlatforms) = preSolution
		Debug|Any CPU = Debug|Any CPU
		Release|Any CPU = Release|Any CPU
	EndGlobalSection
	GlobalSection(ProjectConfigurationPlatforms) = postSolution
		{59E8C554-A2E1-492C-8678-F0828FFF1BA3}.Debug|Any CPU.ActiveCfg = Debug|Any CPU
		{59E8C554-A2E1-492C-8678-F0828FFF1BA3}.Debug|Any CPU.Build.0 = Debug|Any CPU
		{59E8C554-A2E1-492C-8678-F0828FFF1BA3}.Release|Any CPU.ActiveCfg = Release|Any CPU
		{59E8C554-A2E1-492C-8678-F0828FFF1BA3}.Release|Any CPU.Build.0 = Release|Any CPU
	EndGlobalSection
	GlobalSection(SolutionProperties) = preSolution
		HideSolutionNode = FALSE
	EndGlobalSection
	GlobalSection(ExtensibilityGlobals) = postSolution
		SolutionGuid = {ACB95990-E78D-4B90-950B-9A0BFAAE95C1}
	EndGlobalSection
EndGlobal
